
Microsoft Visual Studio Solution File, Format Version 12.00
# Visual Studio Version 17
VisualStudioVersion = 17.14.36109.1 d17.14
MinimumVisualStudioVersion = 10.0.40219.1
Project("{FAE04EC0-301F-11D3-BF4B-00C04F79EFBC}") = "bai6", "bai6.csproj", "{8DF89226-1F7C-4789-81DF-7ADC347B004D}"
EndProject
Global
	GlobalSection(SolutionConfigurationPlatforms) = preSolution
		Debug|Any CPU = Debug|Any CPU
		Release|Any CPU = Release|Any CPU
	EndGlobalSection
	GlobalSection(ProjectConfigurationPlatforms) = postSolution
		{8DF89226-1F7C-4789-81DF-7ADC347B004D}.Debug|Any CPU.ActiveCfg = Debug|Any CPU
		{8DF89226-1F7C-4789-81DF-7ADC347B004D}.Debug|Any CPU.Build.0 = Debug|Any CPU
		{8DF89226-1F7C-4789-81DF-7ADC347B004D}.Release|Any CPU.ActiveCfg = Release|Any CPU
		{8DF89226-1F7C-4789-81DF-7ADC347B004D}.Release|Any CPU.Build.0 = Release|Any CPU
	EndGlobalSection
	GlobalSection(SolutionProperties) = preSolution
		HideSolutionNode = FALSE
	EndGlobalSection
	GlobalSection(ExtensibilityGlobals) = postSolution
		SolutionGuid = {109EBE52-AFF3-4619-84FF-502CC746847F}
	EndGlobalSection
EndGlobal
